PODS:
  - Alamofire (2.0.2)
  - Bolts/Tasks (1.3.0)
  - Parse (1.7.5.3):
    - Bolts/Tasks (>= 1.2.0)
  - ParseUI (1.1.4):
    - Parse (~> 1.7)
  - SnapKit (0.14.0)
  - Spring (1.0.3)
  - SVProgressHUD (HEAD based on 1.1.3)

DEPENDENCIES:
  - Alamofire (~> 2.0)
  - Parse (~> 1.7.1)
  - ParseUI (~> 1.1.3)
  - SnapKit (~> 0.14.0)
  - Spring (from `https://github.com/MengTo/Spring.git`, branch `swift2`)
  - SVProgressHUD (HEAD)

EXTERNAL SOURCES:
  Spring:
    :branch: swift2
    :git: https://github.com/MengTo/Spring.git

CHECKOUT OPTIONS:
  Spring:
    :commit: 18d5c7b74489de8044e34767f856d1e574f0820e
    :git: https://github.com/MengTo/Spring.git

SPEC CHECKSUMS:
  Alamofire: 8edbab00802a752bb5240cc2abe70e7e881488ad
  Bolts: 805a4a87413e49d4a0c2b7d469084cbc46b09342
  Parse: 373adbb1ad2e34d383542c3b28f678c49ebe4881
  ParseUI: d1228541b02a36a7354c8f47747f5f7a89cf1ff0
  SnapKit: f42352ef34953866da0de1e1009c2ff82588a95e
  Spring: 3f02b5dc3308572ef177b3cad0fa7bbc4b0706f7
  SVProgressHUD: 748080e4f36e603f6c02aec292664239df5279c1

COCOAPODS: 0.38.2
