// !$*UTF8*$!
{
	archiveVersion = 1;
	classes = {
	};
	objectVersion = 46;
	objects = {

/* Begin PBXBuildFile section */
		6E6018F81BA0390700E8AC47 /* libsqlite3.dylib in Frameworks */ = {isa = PBXBuildFile; fileRef = 6E6018F71BA0390700E8AC47 /* libsqlite3.dylib */; };
		6EC945DA1B968F71001A8943 /* AppDelegate.swift in Sources */ = {isa = PBXBuildFile; fileRef = 6EC945D91B968F71001A8943 /* AppDelegate.swift */; };
		6EC945E11B968F71001A8943 /* Images.xcassets in Resources */ = {isa = PBXBuildFile; fileRef = 6EC945E01B968F71001A8943 /* Images.xcassets */; };
		6EC945F01B968F71001A8943 /* TuringChatMachineTests.swift in Sources */ = {isa = PBXBuildFile; fileRef = 6EC945EF1B968F71001A8943 /* TuringChatMachineTests.swift */; };
		6EC945FA1B968FD5001A8943 /* Podfile in Resources */ = {isa = PBXBuildFile; fileRef = 6EC945F91B968FD5001A8943 /* Podfile */; };
		6EC945FF1B9691C7001A8943 /* Message.swift in Sources */ = {isa = PBXBuildFile; fileRef = 6EC945FB1B9691C7001A8943 /* Message.swift */; };
		6EC946001B9691C7001A8943 /* MessageBubbleTableViewCell.swift in Sources */ = {isa = PBXBuildFile; fileRef = 6EC945FC1B9691C7001A8943 /* MessageBubbleTableViewCell.swift */; };
		6EC946021B9691C7001A8943 /* ChatViewController.swift in Sources */ = {isa = PBXBuildFile; fileRef = 6EC945FE1B9691C7001A8943 /* ChatViewController.swift */; };
		75B334B0CA33BB4B8729CE53 /* Pods.framework in Frameworks */ = {isa = PBXBuildFile; fileRef = 127F756A1F6DCE74E2B2AE10 /* Pods.framework */; settings = {ATTRIBUTES = (Weak, ); }; };
		872118451BB0F4210088B2B4 /* Main.storyboard in Resources */ = {isa = PBXBuildFile; fileRef = 872118441BB0F4210088B2B4 /* Main.storyboard */; settings = {ASSET_TAGS = (); }; };
		8721184B1BB102E80088B2B4 /* Extension&util.swift in Sources */ = {isa = PBXBuildFile; fileRef = 872118461BB102E80088B2B4 /* Extension&util.swift */; settings = {ASSET_TAGS = (); }; };
		8721184C1BB102E80088B2B4 /* HomeViewController.swift in Sources */ = {isa = PBXBuildFile; fileRef = 872118471BB102E80088B2B4 /* HomeViewController.swift */; settings = {ASSET_TAGS = (); }; };
		8721184D1BB102E80088B2B4 /* LoginViewController.swift in Sources */ = {isa = PBXBuildFile; fileRef = 872118481BB102E80088B2B4 /* LoginViewController.swift */; settings = {ASSET_TAGS = (); }; };
		8721184E1BB102E80088B2B4 /* ResetPasswordViewController.swift in Sources */ = {isa = PBXBuildFile; fileRef = 872118491BB102E80088B2B4 /* ResetPasswordViewController.swift */; settings = {ASSET_TAGS = (); }; };
		8721184F1BB102E80088B2B4 /* SignUpViewController.swift in Sources */ = {isa = PBXBuildFile; fileRef = 8721184A1BB102E80088B2B4 /* SignUpViewController.swift */; settings = {ASSET_TAGS = (); }; };
		872118511BB13EBB0088B2B4 /* LaunchScreen.storyboard in Resources */ = {isa = PBXBuildFile; fileRef = 872118501BB13EBB0088B2B4 /* LaunchScreen.storyboard */; settings = {ASSET_TAGS = (); }; };
		87340D341BBA6B9B00878B39 /* UITabelViewLoadAnimation.swift in Sources */ = {isa = PBXBuildFile; fileRef = 87340D331BBA6B9B00878B39 /* UITabelViewLoadAnimation.swift */; settings = {ASSET_TAGS = (); }; };
		8758F2DE1BC8AFB30067FE1D /* MutiMessageTableViewCell.swift in Sources */ = {isa = PBXBuildFile; fileRef = 8758F2DC1BC8AFB30067FE1D /* MutiMessageTableViewCell.swift */; settings = {ASSET_TAGS = (); }; };
		87B2FD0C1BBA7A180078679E /* LaunchViewController.swift in Sources */ = {isa = PBXBuildFile; fileRef = 87B2FD0B1BBA7A180078679E /* LaunchViewController.swift */; settings = {ASSET_TAGS = (); }; };
		87D1C6441BAFB6BF009B8AFA /* CloudKit.framework in Frameworks */ = {isa = PBXBuildFile; fileRef = 87D1C6431BAFB6BF009B8AFA /* CloudKit.framework */; };
		87DFA6741BB446BE00DF4346 /* FadeInTransitionAnimator.swift in Sources */ = {isa = PBXBuildFile; fileRef = 87DFA6731BB446BE00DF4346 /* FadeInTransitionAnimator.swift */; settings = {ASSET_TAGS = (); }; };
		87F0509C1BB8DCD0003976B6 /* MJRefreshAutoFooter.m in Sources */ = {isa = PBXBuildFile; fileRef = 87F050721BB8DCD0003976B6 /* MJRefreshAutoFooter.m */; settings = {ASSET_TAGS = (); }; };
		87F0509D1BB8DCD0003976B6 /* MJRefreshBackFooter.m in Sources */ = {isa = PBXBuildFile; fileRef = 87F050741BB8DCD0003976B6 /* MJRefreshBackFooter.m */; settings = {ASSET_TAGS = (); }; };
		87F0509E1BB8DCD0003976B6 /* MJRefreshComponent.m in Sources */ = {isa = PBXBuildFile; fileRef = 87F050761BB8DCD0003976B6 /* MJRefreshComponent.m */; settings = {ASSET_TAGS = (); }; };
		87F0509F1BB8DCD0003976B6 /* MJRefreshFooter.m in Sources */ = {isa = PBXBuildFile; fileRef = 87F050781BB8DCD0003976B6 /* MJRefreshFooter.m */; settings = {ASSET_TAGS = (); }; };
		87F050A01BB8DCD0003976B6 /* MJRefreshHeader.m in Sources */ = {isa = PBXBuildFile; fileRef = 87F0507A1BB8DCD0003976B6 /* MJRefreshHeader.m */; settings = {ASSET_TAGS = (); }; };
		87F050A11BB8DCD0003976B6 /* MJRefreshAutoGifFooter.m in Sources */ = {isa = PBXBuildFile; fileRef = 87F0507F1BB8DCD0003976B6 /* MJRefreshAutoGifFooter.m */; settings = {ASSET_TAGS = (); }; };
		87F050A21BB8DCD0003976B6 /* MJRefreshAutoNormalFooter.m in Sources */ = {isa = PBXBuildFile; fileRef = 87F050811BB8DCD0003976B6 /* MJRefreshAutoNormalFooter.m */; settings = {ASSET_TAGS = (); }; };
		87F050A31BB8DCD0003976B6 /* MJRefreshAutoStateFooter.m in Sources */ = {isa = PBXBuildFile; fileRef = 87F050831BB8DCD0003976B6 /* MJRefreshAutoStateFooter.m */; settings = {ASSET_TAGS = (); }; };
		87F050A41BB8DCD0003976B6 /* MJRefreshBackGifFooter.m in Sources */ = {isa = PBXBuildFile; fileRef = 87F050861BB8DCD0003976B6 /* MJRefreshBackGifFooter.m */; settings = {ASSET_TAGS = (); }; };
		87F050A51BB8DCD0003976B6 /* MJRefreshBackNormalFooter.m in Sources */ = {isa = PBXBuildFile; fileRef = 87F050881BB8DCD0003976B6 /* MJRefreshBackNormalFooter.m */; settings = {ASSET_TAGS = (); }; };
		87F050A61BB8DCD0003976B6 /* MJRefreshBackStateFooter.m in Sources */ = {isa = PBXBuildFile; fileRef = 87F0508A1BB8DCD0003976B6 /* MJRefreshBackStateFooter.m */; settings = {ASSET_TAGS = (); }; };
		87F050A71BB8DCD0003976B6 /* MJRefreshGifHeader.m in Sources */ = {isa = PBXBuildFile; fileRef = 87F0508D1BB8DCD0003976B6 /* MJRefreshGifHeader.m */; settings = {ASSET_TAGS = (); }; };
		87F050A81BB8DCD0003976B6 /* MJRefreshNormalHeader.m in Sources */ = {isa = PBXBuildFile; fileRef = 87F0508F1BB8DCD0003976B6 /* MJRefreshNormalHeader.m */; settings = {ASSET_TAGS = (); }; };
		87F050A91BB8DCD0003976B6 /* MJRefreshStateHeader.m in Sources */ = {isa = PBXBuildFile; fileRef = 87F050911BB8DCD0003976B6 /* MJRefreshStateHeader.m */; settings = {ASSET_TAGS = (); }; };
		87F050AA1BB8DCD0003976B6 /* MJRefresh.bundle in Resources */ = {isa = PBXBuildFile; fileRef = 87F050921BB8DCD0003976B6 /* MJRefresh.bundle */; settings = {ASSET_TAGS = (); }; };
		87F050AB1BB8DCD0003976B6 /* MJRefreshConst.m in Sources */ = {isa = PBXBuildFile; fileRef = 87F050951BB8DCD0003976B6 /* MJRefreshConst.m */; settings = {ASSET_TAGS = (); }; };
		87F050AC1BB8DCD0003976B6 /* UIScrollView+MJExtension.m in Sources */ = {isa = PBXBuildFile; fileRef = 87F050971BB8DCD0003976B6 /* UIScrollView+MJExtension.m */; settings = {ASSET_TAGS = (); }; };
		87F050AD1BB8DCD0003976B6 /* UIScrollView+MJRefresh.m in Sources */ = {isa = PBXBuildFile; fileRef = 87F050991BB8DCD0003976B6 /* UIScrollView+MJRefresh.m */; settings = {ASSET_TAGS = (); }; };
		87F050AE1BB8DCD0003976B6 /* UIView+MJExtension.m in Sources */ = {isa = PBXBuildFile; fileRef = 87F0509B1BB8DCD0003976B6 /* UIView+MJExtension.m */; settings = {ASSET_TAGS = (); }; };
		87F31E2B1BBAE82B001FDE6E /* SHTextField.swift in Sources */ = {isa = PBXBuildFile; fileRef = 87F31E2A1BBAE82B001FDE6E /* SHTextField.swift */; settings = {ASSET_TAGS = (); }; };
		87FB7E971BC69013003B07CE /* TRChatRequestManager.swift in Sources */ = {isa = PBXBuildFile; fileRef = 87FB7E961BC69013003B07CE /* TRChatRequestManager.swift */; settings = {ASSET_TAGS = (); }; };
/* End PBXBuildFile section */

/* Begin PBXContainerItemProxy section */
		6EC945EA1B968F71001A8943 /* PBXContainerItemProxy */ = {
			isa = PBXContainerItemProxy;
			containerPortal = 6EC945CC1B968F71001A8943 /* Project object */;
			proxyType = 1;
			remoteGlobalIDString = 6EC945D31B968F71001A8943;
			remoteInfo = TuringChatMachine;
		};
/* End PBXContainerItemProxy section */

/* Begin PBXFileReference section */
		127F756A1F6DCE74E2B2AE10 /* Pods.framework */ = {isa = PBXFileReference; explicitFileType = wrapper.framework; includeInIndex = 0; path = Pods.framework; sourceTree = BUILT_PRODUCTS_DIR; };
		1A965B8ABB7841234BB572FA /* Pods.release.xcconfig */ = {isa = PBXFileReference; includeInIndex = 1; lastKnownFileType = text.xcconfig; name = Pods.release.xcconfig; path = "Pods/Target Support Files/Pods/Pods.release.xcconfig"; sourceTree = "<group>"; };
		6E6018F71BA0390700E8AC47 /* libsqlite3.dylib */ = {isa = PBXFileReference; lastKnownFileType = "compiled.mach-o.dylib"; name = libsqlite3.dylib; path = usr/lib/libsqlite3.dylib; sourceTree = SDKROOT; };
		6EC945D41B968F71001A8943 /* TuringChatMachine.app */ = {isa = PBXFileReference; explicitFileType = wrapper.application; includeInIndex = 0; path = TuringChatMachine.app; sourceTree = BUILT_PRODUCTS_DIR; };
		6EC945D81B968F71001A8943 /* Info.plist */ = {isa = PBXFileReference; lastKnownFileType = text.plist.xml; path = Info.plist; sourceTree = "<group>"; };
		6EC945D91B968F71001A8943 /* AppDelegate.swift */ = {isa = PBXFileReference; lastKnownFileType = sourcecode.swift; path = AppDelegate.swift; sourceTree = "<group>"; };
		6EC945E01B968F71001A8943 /* Images.xcassets */ = {isa = PBXFileReference; lastKnownFileType = folder.assetcatalog; name = Images.xcassets; path = TuringChatMachine/Images.xcassets; sourceTree = "<group>"; };
		6EC945E91B968F71001A8943 /* TuringChatMachineTests.xctest */ = {isa = PBXFileReference; explicitFileType = wrapper.cfbundle; includeInIndex = 0; path = TuringChatMachineTests.xctest; sourceTree = BUILT_PRODUCTS_DIR; };
		6EC945EE1B968F71001A8943 /* Info.plist */ = {isa = PBXFileReference; lastKnownFileType = text.plist.xml; path = Info.plist; sourceTree = "<group>"; };
		6EC945EF1B968F71001A8943 /* TuringChatMachineTests.swift */ = {isa = PBXFileReference; lastKnownFileType = sourcecode.swift; path = TuringChatMachineTests.swift; sourceTree = "<group>"; };
		6EC945F91B968FD5001A8943 /* Podfile */ = {isa = PBXFileReference; fileEncoding = 4; lastKnownFileType = text; path = Podfile; sourceTree = "<group>"; xcLanguageSpecificationIdentifier = xcode.lang.ruby; };
		6EC945FB1B9691C7001A8943 /* Message.swift */ = {isa = PBXFileReference; fileEncoding = 4; lastKnownFileType = sourcecode.swift; path = Message.swift; sourceTree = "<group>"; };
		6EC945FC1B9691C7001A8943 /* MessageBubbleTableViewCell.swift */ = {isa = PBXFileReference; fileEncoding = 4; lastKnownFileType = sourcecode.swift; path = MessageBubbleTableViewCell.swift; sourceTree = "<group>"; };
		6EC945FE1B9691C7001A8943 /* ChatViewController.swift */ = {isa = PBXFileReference; fileEncoding = 4; lastKnownFileType = sourcecode.swift; path = ChatViewController.swift; sourceTree = "<group>"; };
		735D6E07674705CBE9DA6651 /* Pods.debug.xcconfig */ = {isa = PBXFileReference; includeInIndex = 1; lastKnownFileType = text.xcconfig; name = Pods.debug.xcconfig; path = "Pods/Target Support Files/Pods/Pods.debug.xcconfig"; sourceTree = "<group>"; };
		872118441BB0F4210088B2B4 /* Main.storyboard */ = {isa = PBXFileReference; fileEncoding = 4; lastKnownFileType = file.storyboard; path = Main.storyboard; sourceTree = "<group>"; };
		872118461BB102E80088B2B4 /* Extension&util.swift */ = {isa = PBXFileReference; fileEncoding = 4; lastKnownFileType = sourcecode.swift; path = "Extension&util.swift"; sourceTree = "<group>"; };
		872118471BB102E80088B2B4 /* HomeViewController.swift */ = {isa = PBXFileReference; fileEncoding = 4; lastKnownFileType = sourcecode.swift; path = HomeViewController.swift; sourceTree = "<group>"; };
		872118481BB102E80088B2B4 /* LoginViewController.swift */ = {isa = PBXFileReference; fileEncoding = 4; lastKnownFileType = sourcecode.swift; path = LoginViewController.swift; sourceTree = "<group>"; };
		872118491BB102E80088B2B4 /* ResetPasswordViewController.swift */ = {isa = PBXFileReference; fileEncoding = 4; lastKnownFileType = sourcecode.swift; path = ResetPasswordViewController.swift; sourceTree = "<group>"; };
		8721184A1BB102E80088B2B4 /* SignUpViewController.swift */ = {isa = PBXFileReference; fileEncoding = 4; lastKnownFileType = sourcecode.swift; path = SignUpViewController.swift; sourceTree = "<group>"; };
		872118501BB13EBB0088B2B4 /* LaunchScreen.storyboard */ = {isa = PBXFileReference; fileEncoding = 4; lastKnownFileType = file.storyboard; path = LaunchScreen.storyboard; sourceTree = "<group>"; };
		87340D331BBA6B9B00878B39 /* UITabelViewLoadAnimation.swift */ = {isa = PBXFileReference; fileEncoding = 4; lastKnownFileType = sourcecode.swift; path = UITabelViewLoadAnimation.swift; sourceTree = "<group>"; };
		8758F2DC1BC8AFB30067FE1D /* MutiMessageTableViewCell.swift */ = {isa = PBXFileReference; fileEncoding = 4; lastKnownFileType = sourcecode.swift; name = MutiMessageTableViewCell.swift; path = ../MutiMessageTableViewCell.swift; sourceTree = "<group>"; };
		87925A521BB3A1A500847703 /* MJRefresh-Bridge-header.h */ = {isa = PBXFileReference; lastKnownFileType = sourcecode.c.h; path = "MJRefresh-Bridge-header.h"; sourceTree = "<group>"; };
		87B2FD0B1BBA7A180078679E /* LaunchViewController.swift */ = {isa = PBXFileReference; fileEncoding = 4; lastKnownFileType = sourcecode.swift; path = LaunchViewController.swift; sourceTree = "<group>"; };
		87D1C6421BAFB1E0009B8AFA /* TuringChatMachine.entitlements */ = {isa = PBXFileReference; lastKnownFileType = text.xml; path = TuringChatMachine.entitlements; sourceTree = "<group>"; };
		87D1C6431BAFB6BF009B8AFA /* CloudKit.framework */ = {isa = PBXFileReference; lastKnownFileType = wrapper.framework; name = CloudKit.framework; path = System/Library/Frameworks/CloudKit.framework; sourceTree = SDKROOT; };
		87DFA6731BB446BE00DF4346 /* FadeInTransitionAnimator.swift */ = {isa = PBXFileReference; fileEncoding = 4; lastKnownFileType = sourcecode.swift; path = FadeInTransitionAnimator.swift; sourceTree = "<group>"; };
		87F050711BB8DCD0003976B6 /* MJRefreshAutoFooter.h */ = {isa = PBXFileReference; fileEncoding = 4; lastKnownFileType = sourcecode.c.h; path = MJRefreshAutoFooter.h; sourceTree = "<group>"; };
		87F050721BB8DCD0003976B6 /* MJRefreshAutoFooter.m */ = {isa = PBXFileReference; fileEncoding = 4; lastKnownFileType = sourcecode.c.objc; path = MJRefreshAutoFooter.m; sourceTree = "<group>"; };
		87F050731BB8DCD0003976B6 /* MJRefreshBackFooter.h */ = {isa = PBXFileReference; fileEncoding = 4; lastKnownFileType = sourcecode.c.h; path = MJRefreshBackFooter.h; sourceTree = "<group>"; };
		87F050741BB8DCD0003976B6 /* MJRefreshBackFooter.m */ = {isa = PBXFileReference; fileEncoding = 4; lastKnownFileType = sourcecode.c.objc; path = MJRefreshBackFooter.m; sourceTree = "<group>"; };
		87F050751BB8DCD0003976B6 /* MJRefreshComponent.h */ = {isa = PBXFileReference; fileEncoding = 4; lastKnownFileType = sourcecode.c.h; path = MJRefreshComponent.h; sourceTree = "<group>"; };
		87F050761BB8DCD0003976B6 /* MJRefreshComponent.m */ = {isa = PBXFileReference; fileEncoding = 4; lastKnownFileType = sourcecode.c.objc; path = MJRefreshComponent.m; sourceTree = "<group>"; };
		87F050771BB8DCD0003976B6 /* MJRefreshFooter.h */ = {isa = PBXFileReference; fileEncoding = 4; lastKnownFileType = sourcecode.c.h; path = MJRefreshFooter.h; sourceTree = "<group>"; };
		87F050781BB8DCD0003976B6 /* MJRefreshFooter.m */ = {isa = PBXFileReference; fileEncoding = 4; lastKnownFileType = sourcecode.c.objc; path = MJRefreshFooter.m; sourceTree = "<group>"; };
		87F050791BB8DCD0003976B6 /* MJRefreshHeader.h */ = {isa = PBXFileReference; fileEncoding = 4; lastKnownFileType = sourcecode.c.h; path = MJRefreshHeader.h; sourceTree = "<group>"; };
		87F0507A1BB8DCD0003976B6 /* MJRefreshHeader.m */ = {isa = PBXFileReference; fileEncoding = 4; lastKnownFileType = sourcecode.c.objc; path = MJRefreshHeader.m; sourceTree = "<group>"; };
		87F0507E1BB8DCD0003976B6 /* MJRefreshAutoGifFooter.h */ = {isa = PBXFileReference; fileEncoding = 4; lastKnownFileType = sourcecode.c.h; path = MJRefreshAutoGifFooter.h; sourceTree = "<group>"; };
		87F0507F1BB8DCD0003976B6 /* MJRefreshAutoGifFooter.m */ = {isa = PBXFileReference; fileEncoding = 4; lastKnownFileType = sourcecode.c.objc; path = MJRefreshAutoGifFooter.m; sourceTree = "<group>"; };
		87F050801BB8DCD0003976B6 /* MJRefreshAutoNormalFooter.h */ = {isa = PBXFileReference; fileEncoding = 4; lastKnownFileType = sourcecode.c.h; path = MJRefreshAutoNormalFooter.h; sourceTree = "<group>"; };
		87F050811BB8DCD0003976B6 /* MJRefreshAutoNormalFooter.m */ = {isa = PBXFileReference; fileEncoding = 4; lastKnownFileType = sourcecode.c.objc; path = MJRefreshAutoNormalFooter.m; sourceTree = "<group>"; };
		87F050821BB8DCD0003976B6 /* MJRefreshAutoStateFooter.h */ = {isa = PBXFileReference; fileEncoding = 4; lastKnownFileType = sourcecode.c.h; path = MJRefreshAutoStateFooter.h; sourceTree = "<group>"; };
		87F050831BB8DCD0003976B6 /* MJRefreshAutoStateFooter.m */ = {isa = PBXFileReference; fileEncoding = 4; lastKnownFileType = sourcecode.c.objc; path = MJRefreshAutoStateFooter.m; sourceTree = "<group>"; };
		87F050851BB8DCD0003976B6 /* MJRefreshBackGifFooter.h */ = {isa = PBXFileReference; fileEncoding = 4; lastKnownFileType = sourcecode.c.h; path = MJRefreshBackGifFooter.h; sourceTree = "<group>"; };
		87F050861BB8DCD0003976B6 /* MJRefreshBackGifFooter.m */ = {isa = PBXFileReference; fileEncoding = 4; lastKnownFileType = sourcecode.c.objc; path = MJRefreshBackGifFooter.m; sourceTree = "<group>"; };
		87F050871BB8DCD0003976B6 /* MJRefreshBackNormalFooter.h */ = {isa = PBXFileReference; fileEncoding = 4; lastKnownFileType = sourcecode.c.h; path = MJRefreshBackNormalFooter.h; sourceTree = "<group>"; };
		87F050881BB8DCD0003976B6 /* MJRefreshBackNormalFooter.m */ = {isa = PBXFileReference; fileEncoding = 4; lastKnownFileType = sourcecode.c.objc; path = MJRefreshBackNormalFooter.m; sourceTree = "<group>"; };
		87F050891BB8DCD0003976B6 /* MJRefreshBackStateFooter.h */ = {isa = PBXFileReference; fileEncoding = 4; lastKnownFileType = sourcecode.c.h; path = MJRefreshBackStateFooter.h; sourceTree = "<group>"; };
		87F0508A1BB8DCD0003976B6 /* MJRefreshBackStateFooter.m */ = {isa = PBXFileReference; fileEncoding = 4; lastKnownFileType = sourcecode.c.objc; path = MJRefreshBackStateFooter.m; sourceTree = "<group>"; };
		87F0508C1BB8DCD0003976B6 /* MJRefreshGifHeader.h */ = {isa = PBXFileReference; fileEncoding = 4; lastKnownFileType = sourcecode.c.h; path = MJRefreshGifHeader.h; sourceTree = "<group>"; };
		87F0508D1BB8DCD0003976B6 /* MJRefreshGifHeader.m */ = {isa = PBXFileReference; fileEncoding = 4; lastKnownFileType = sourcecode.c.objc; path = MJRefreshGifHeader.m; sourceTree = "<group>"; };
		87F0508E1BB8DCD0003976B6 /* MJRefreshNormalHeader.h */ = {isa = PBXFileReference; fileEncoding = 4; lastKnownFileType = sourcecode.c.h; path = MJRefreshNormalHeader.h; sourceTree = "<group>"; };
		87F0508F1BB8DCD0003976B6 /* MJRefreshNormalHeader.m */ = {isa = PBXFileReference; fileEncoding = 4; lastKnownFileType = sourcecode.c.objc; path = MJRefreshNormalHeader.m; sourceTree = "<group>"; };
		87F050901BB8DCD0003976B6 /* MJRefreshStateHeader.h */ = {isa = PBXFileReference; fileEncoding = 4; lastKnownFileType = sourcecode.c.h; path = MJRefreshStateHeader.h; sourceTree = "<group>"; };
		87F050911BB8DCD0003976B6 /* MJRefreshStateHeader.m */ = {isa = PBXFileReference; fileEncoding = 4; lastKnownFileType = sourcecode.c.objc; path = MJRefreshStateHeader.m; sourceTree = "<group>"; };
		87F050921BB8DCD0003976B6 /* MJRefresh.bundle */ = {isa = PBXFileReference; lastKnownFileType = "wrapper.plug-in"; path = MJRefresh.bundle; sourceTree = "<group>"; };
		87F050931BB8DCD0003976B6 /* MJRefresh.h */ = {isa = PBXFileReference; fileEncoding = 4; lastKnownFileType = sourcecode.c.h; path = MJRefresh.h; sourceTree = "<group>"; };
		87F050941BB8DCD0003976B6 /* MJRefreshConst.h */ = {isa = PBXFileReference; fileEncoding = 4; lastKnownFileType = sourcecode.c.h; path = MJRefreshConst.h; sourceTree = "<group>"; };
		87F050951BB8DCD0003976B6 /* MJRefreshConst.m */ = {isa = PBXFileReference; fileEncoding = 4; lastKnownFileType = sourcecode.c.objc; path = MJRefreshConst.m; sourceTree = "<group>"; };
		87F050961BB8DCD0003976B6 /* UIScrollView+MJExtension.h */ = {isa = PBXFileReference; fileEncoding = 4; lastKnownFileType = sourcecode.c.h; path = "UIScrollView+MJExtension.h"; sourceTree = "<group>"; };
		87F050971BB8DCD0003976B6 /* UIScrollView+MJExtension.m */ = {isa = PBXFileReference; fileEncoding = 4; lastKnownFileType = sourcecode.c.objc; path = "UIScrollView+MJExtension.m"; sourceTree = "<group>"; };
		87F050981BB8DCD0003976B6 /* UIScrollView+MJRefresh.h */ = {isa = PBXFileReference; fileEncoding = 4; lastKnownFileType = sourcecode.c.h; path = "UIScrollView+MJRefresh.h"; sourceTree = "<group>"; };
		87F050991BB8DCD0003976B6 /* UIScrollView+MJRefresh.m */ = {isa = PBXFileReference; fileEncoding = 4; lastKnownFileType = sourcecode.c.objc; path = "UIScrollView+MJRefresh.m"; sourceTree = "<group>"; };
		87F0509A1BB8DCD0003976B6 /* UIView+MJExtension.h */ = {isa = PBXFileReference; fileEncoding = 4; lastKnownFileType = sourcecode.c.h; path = "UIView+MJExtension.h"; sourceTree = "<group>"; };
		87F0509B1BB8DCD0003976B6 /* UIView+MJExtension.m */ = {isa = PBXFileReference; fileEncoding = 4; lastKnownFileType = sourcecode.c.objc; path = "UIView+MJExtension.m"; sourceTree = "<group>"; };
		87F31E2A1BBAE82B001FDE6E /* SHTextField.swift */ = {isa = PBXFileReference; fileEncoding = 4; lastKnownFileType = sourcecode.swift; path = SHTextField.swift; sourceTree = "<group>"; };
		87FB7E961BC69013003B07CE /* TRChatRequestManager.swift */ = {isa = PBXFileReference; fileEncoding = 4; lastKnownFileType = sourcecode.swift; path = TRChatRequestManager.swift; sourceTree = "<group>"; };
/* End PBXFileReference section */

/* Begin PBXFrameworksBuildPhase section */
		6EC945D11B968F71001A8943 /* Frameworks */ = {
			isa = PBXFrameworksBuildPhase;
			buildActionMask = 2147483647;
			files = (
				87D1C6441BAFB6BF009B8AFA /* CloudKit.framework in Frameworks */,
				6E6018F81BA0390700E8AC47 /* libsqlite3.dylib in Frameworks */,
				75B334B0CA33BB4B8729CE53 /* Pods.framework in Frameworks */,
			);
			runOnlyForDeploymentPostprocessing = 0;
		};
		6EC945E61B968F71001A8943 /* Frameworks */ = {
			isa = PBXFrameworksBuildPhase;
			buildActionMask = 2147483647;
			files = (
			);
			runOnlyForDeploymentPostprocessing = 0;
		};
/* End PBXFrameworksBuildPhase section */

/* Begin PBXGroup section */
		23D8E6D93CD04C9CE78E5946 /* Frameworks */ = {
			isa = PBXGroup;
			children = (
				87D1C6431BAFB6BF009B8AFA /* CloudKit.framework */,
				6E6018F71BA0390700E8AC47 /* libsqlite3.dylib */,
				127F756A1F6DCE74E2B2AE10 /* Pods.framework */,
			);
			name = Frameworks;
			sourceTree = "<group>";
		};
		6E0923571BA7A96D00C498C1 /* welcomePage */ = {
			isa = PBXGroup;
			children = (
				87DFA6731BB446BE00DF4346 /* FadeInTransitionAnimator.swift */,
				872118461BB102E80088B2B4 /* Extension&util.swift */,
				872118471BB102E80088B2B4 /* HomeViewController.swift */,
				872118481BB102E80088B2B4 /* LoginViewController.swift */,
				872118491BB102E80088B2B4 /* ResetPasswordViewController.swift */,
				8721184A1BB102E80088B2B4 /* SignUpViewController.swift */,
				872118441BB0F4210088B2B4 /* Main.storyboard */,
			);
			name = welcomePage;
			sourceTree = "<group>";
		};
		6E0923581BA7A98A00C498C1 /* chatPage */ = {
			isa = PBXGroup;
			children = (
				8758F2DC1BC8AFB30067FE1D /* MutiMessageTableViewCell.swift */,
				6EC945FC1B9691C7001A8943 /* MessageBubbleTableViewCell.swift */,
				6EC945FE1B9691C7001A8943 /* ChatViewController.swift */,
			);
			name = chatPage;
			sourceTree = "<group>";
		};
		6E0923591BA7A9A800C498C1 /* model */ = {
			isa = PBXGroup;
			children = (
				6EC945FB1B9691C7001A8943 /* Message.swift */,
			);
			name = model;
			sourceTree = "<group>";
		};
		6EC945CB1B968F71001A8943 = {
			isa = PBXGroup;
			children = (
				87FB7E961BC69013003B07CE /* TRChatRequestManager.swift */,
				87F050661BB8D935003976B6 /* Utility */,
				87925A521BB3A1A500847703 /* MJRefresh-Bridge-header.h */,
				6EC945F91B968FD5001A8943 /* Podfile */,
				6EC945D61B968F71001A8943 /* TuringChatMachine */,
				6EC945E01B968F71001A8943 /* Images.xcassets */,
				6EC945EC1B968F71001A8943 /* TuringChatMachineTests */,
				6EC945D51B968F71001A8943 /* Products */,
				D431887E2EF3B90B8DC625CF /* Pods */,
				23D8E6D93CD04C9CE78E5946 /* Frameworks */,
			);
			sourceTree = "<group>";
		};
		6EC945D51B968F71001A8943 /* Products */ = {
			isa = PBXGroup;
			children = (
				6EC945D41B968F71001A8943 /* TuringChatMachine.app */,
				6EC945E91B968F71001A8943 /* TuringChatMachineTests.xctest */,
			);
			name = Products;
			sourceTree = "<group>";
		};
		6EC945D61B968F71001A8943 /* TuringChatMachine */ = {
			isa = PBXGroup;
			children = (
				87D1C6421BAFB1E0009B8AFA /* TuringChatMachine.entitlements */,
				6E0923591BA7A9A800C498C1 /* model */,
				6EE18E031BA26EFB00944C87 /* controllers */,
				6EC945D71B968F71001A8943 /* Supporting Files */,
			);
			path = TuringChatMachine;
			sourceTree = "<group>";
		};
		6EC945D71B968F71001A8943 /* Supporting Files */ = {
			isa = PBXGroup;
			children = (
				6EC945D91B968F71001A8943 /* AppDelegate.swift */,
				6EC945D81B968F71001A8943 /* Info.plist */,
			);
			name = "Supporting Files";
			sourceTree = "<group>";
		};
		6EC945EC1B968F71001A8943 /* TuringChatMachineTests */ = {
			isa = PBXGroup;
			children = (
				6EC945EF1B968F71001A8943 /* TuringChatMachineTests.swift */,
				6EC945ED1B968F71001A8943 /* Supporting Files */,
			);
			path = TuringChatMachineTests;
			sourceTree = "<group>";
		};
		6EC945ED1B968F71001A8943 /* Supporting Files */ = {
			isa = PBXGroup;
			children = (
				6EC945EE1B968F71001A8943 /* Info.plist */,
			);
			name = "Supporting Files";
			sourceTree = "<group>";
		};
		6EE18E031BA26EFB00944C87 /* controllers */ = {
			isa = PBXGroup;
			children = (
				87B2FD0A1BBA79E80078679E /* LaunchScreen */,
				6E0923581BA7A98A00C498C1 /* chatPage */,
				6E0923571BA7A96D00C498C1 /* welcomePage */,
			);
			name = controllers;
			sourceTree = "<group>";
		};
		87B2FD0A1BBA79E80078679E /* LaunchScreen */ = {
			isa = PBXGroup;
			children = (
				872118501BB13EBB0088B2B4 /* LaunchScreen.storyboard */,
				87B2FD0B1BBA7A180078679E /* LaunchViewController.swift */,
			);
			name = LaunchScreen;
			sourceTree = "<group>";
		};
		87F050661BB8D935003976B6 /* Utility */ = {
			isa = PBXGroup;
			children = (
				87340D331BBA6B9B00878B39 /* UITabelViewLoadAnimation.swift */,
				87F0506F1BB8DCD0003976B6 /* MJRefresh */,
				87F31E2A1BBAE82B001FDE6E /* SHTextField.swift */,
			);
			name = Utility;
			sourceTree = "<group>";
		};
		87F0506F1BB8DCD0003976B6 /* MJRefresh */ = {
			isa = PBXGroup;
			children = (
				87F050701BB8DCD0003976B6 /* Base */,
				87F0507B1BB8DCD0003976B6 /* Custom */,
				87F050921BB8DCD0003976B6 /* MJRefresh.bundle */,
				87F050931BB8DCD0003976B6 /* MJRefresh.h */,
				87F050941BB8DCD0003976B6 /* MJRefreshConst.h */,
				87F050951BB8DCD0003976B6 /* MJRefreshConst.m */,
				87F050961BB8DCD0003976B6 /* UIScrollView+MJExtension.h */,
				87F050971BB8DCD0003976B6 /* UIScrollView+MJExtension.m */,
				87F050981BB8DCD0003976B6 /* UIScrollView+MJRefresh.h */,
				87F050991BB8DCD0003976B6 /* UIScrollView+MJRefresh.m */,
				87F0509A1BB8DCD0003976B6 /* UIView+MJExtension.h */,
				87F0509B1BB8DCD0003976B6 /* UIView+MJExtension.m */,
			);
			path = MJRefresh;
			sourceTree = "<group>";
		};
		87F050701BB8DCD0003976B6 /* Base */ = {
			isa = PBXGroup;
			children = (
				87F050711BB8DCD0003976B6 /* MJRefreshAutoFooter.h */,
				87F050721BB8DCD0003976B6 /* MJRefreshAutoFooter.m */,
				87F050731BB8DCD0003976B6 /* MJRefreshBackFooter.h */,
				87F050741BB8DCD0003976B6 /* MJRefreshBackFooter.m */,
				87F050751BB8DCD0003976B6 /* MJRefreshComponent.h */,
				87F050761BB8DCD0003976B6 /* MJRefreshComponent.m */,
				87F050771BB8DCD0003976B6 /* MJRefreshFooter.h */,
				87F050781BB8DCD0003976B6 /* MJRefreshFooter.m */,
				87F050791BB8DCD0003976B6 /* MJRefreshHeader.h */,
				87F0507A1BB8DCD0003976B6 /* MJRefreshHeader.m */,
			);
			path = Base;
			sourceTree = "<group>";
		};
		87F0507B1BB8DCD0003976B6 /* Custom */ = {
			isa = PBXGroup;
			children = (
				87F0507C1BB8DCD0003976B6 /* Footer */,
				87F0508B1BB8DCD0003976B6 /* Header */,
			);
			path = Custom;
			sourceTree = "<group>";
		};
		87F0507C1BB8DCD0003976B6 /* Footer */ = {
			isa = PBXGroup;
			children = (
				87F0507D1BB8DCD0003976B6 /* Auto */,
				87F050841BB8DCD0003976B6 /* Back */,
			);
			path = Footer;
			sourceTree = "<group>";
		};
		87F0507D1BB8DCD0003976B6 /* Auto */ = {
			isa = PBXGroup;
			children = (
				87F0507E1BB8DCD0003976B6 /* MJRefreshAutoGifFooter.h */,
				87F0507F1BB8DCD0003976B6 /* MJRefreshAutoGifFooter.m */,
				87F050801BB8DCD0003976B6 /* MJRefreshAutoNormalFooter.h */,
				87F050811BB8DCD0003976B6 /* MJRefreshAutoNormalFooter.m */,
				87F050821BB8DCD0003976B6 /* MJRefreshAutoStateFooter.h */,
				87F050831BB8DCD0003976B6 /* MJRefreshAutoStateFooter.m */,
			);
			path = Auto;
			sourceTree = "<group>";
		};
		87F050841BB8DCD0003976B6 /* Back */ = {
			isa = PBXGroup;
			children = (
				87F050851BB8DCD0003976B6 /* MJRefreshBackGifFooter.h */,
				87F050861BB8DCD0003976B6 /* MJRefreshBackGifFooter.m */,
				87F050871BB8DCD0003976B6 /* MJRefreshBackNormalFooter.h */,
				87F050881BB8DCD0003976B6 /* MJRefreshBackNormalFooter.m */,
				87F050891BB8DCD0003976B6 /* MJRefreshBackStateFooter.h */,
				87F0508A1BB8DCD0003976B6 /* MJRefreshBackStateFooter.m */,
			);
			path = Back;
			sourceTree = "<group>";
		};
		87F0508B1BB8DCD0003976B6 /* Header */ = {
			isa = PBXGroup;
			children = (
				87F0508C1BB8DCD0003976B6 /* MJRefreshGifHeader.h */,
				87F0508D1BB8DCD0003976B6 /* MJRefreshGifHeader.m */,
				87F0508E1BB8DCD0003976B6 /* MJRefreshNormalHeader.h */,
				87F0508F1BB8DCD0003976B6 /* MJRefreshNormalHeader.m */,
				87F050901BB8DCD0003976B6 /* MJRefreshStateHeader.h */,
				87F050911BB8DCD0003976B6 /* MJRefreshStateHeader.m */,
			);
			path = Header;
			sourceTree = "<group>";
		};
		D431887E2EF3B90B8DC625CF /* Pods */ = {
			isa = PBXGroup;
			children = (
				735D6E07674705CBE9DA6651 /* Pods.debug.xcconfig */,
				1A965B8ABB7841234BB572FA /* Pods.release.xcconfig */,
			);
			name = Pods;
			sourceTree = "<group>";
		};
/* End PBXGroup section */

/* Begin PBXNativeTarget section */
		6EC945D31B968F71001A8943 /* TuringChatMachine */ = {
			isa = PBXNativeTarget;
			buildConfigurationList = 6EC945F31B968F71001A8943 /* Build configuration list for PBXNativeTarget "TuringChatMachine" */;
			buildPhases = (
				2D580138F4F8E296A38DF1E1 /* Check Pods Manifest.lock */,
				6EC945D01B968F71001A8943 /* Sources */,
				6EC945D11B968F71001A8943 /* Frameworks */,
				6EC945D21B968F71001A8943 /* Resources */,
				D035C39BAAAC30738053D988 /* Embed Pods Frameworks */,
				A307F35E75CDCE1754A9F10A /* Copy Pods Resources */,
			);
			buildRules = (
			);
			dependencies = (
			);
			name = TuringChatMachine;
			productName = TuringChatMachine;
			productReference = 6EC945D41B968F71001A8943 /* TuringChatMachine.app */;
			productType = "com.apple.product-type.application";
		};
		6EC945E81B968F71001A8943 /* TuringChatMachineTests */ = {
			isa = PBXNativeTarget;
			buildConfigurationList = 6EC945F61B968F71001A8943 /* Build configuration list for PBXNativeTarget "TuringChatMachineTests" */;
			buildPhases = (
				6EC945E51B968F71001A8943 /* Sources */,
				6EC945E61B968F71001A8943 /* Frameworks */,
				6EC945E71B968F71001A8943 /* Resources */,
			);
			buildRules = (
			);
			dependencies = (
				6EC945EB1B968F71001A8943 /* PBXTargetDependency */,
			);
			name = TuringChatMachineTests;
			productName = TuringChatMachineTests;
			productReference = 6EC945E91B968F71001A8943 /* TuringChatMachineTests.xctest */;
			productType = "com.apple.product-type.bundle.unit-test";
		};
/* End PBXNativeTarget section */

/* Begin PBXProject section */
		6EC945CC1B968F71001A8943 /* Project object */ = {
			isa = PBXProject;
			attributes = {
				LastSwiftUpdateCheck = 0700;
				LastUpgradeCheck = 0700;
				ORGANIZATIONNAME = codeGlider;
				TargetAttributes = {
					6EC945D31B968F71001A8943 = {
						CreatedOnToolsVersion = 6.4;
						DevelopmentTeam = 4846E4882R;
						SystemCapabilities = {
							com.apple.iCloud = {
								enabled = 1;
							};
						};
					};
					6EC945E81B968F71001A8943 = {
						CreatedOnToolsVersion = 6.4;
						TestTargetID = 6EC945D31B968F71001A8943;
					};
				};
			};
			buildConfigurationList = 6EC945CF1B968F71001A8943 /* Build configuration list for PBXProject "TuringChatMachine" */;
			compatibilityVersion = "Xcode 3.2";
			developmentRegion = English;
			hasScannedForEncodings = 0;
			knownRegions = (
				en,
				Base,
				"zh-Hans",
			);
			mainGroup = 6EC945CB1B968F71001A8943;
			productRefGroup = 6EC945D51B968F71001A8943 /* Products */;
			projectDirPath = "";
			projectRoot = "";
			targets = (
				6EC945D31B968F71001A8943 /* TuringChatMachine */,
				6EC945E81B968F71001A8943 /* TuringChatMachineTests */,
			);
		};
/* End PBXProject section */

/* Begin PBXResourcesBuildPhase section */
		6EC945D21B968F71001A8943 /* Resources */ = {
			isa = PBXResourcesBuildPhase;
			buildActionMask = 2147483647;
			files = (
				6EC945FA1B968FD5001A8943 /* Podfile in Resources */,
				6EC945E11B968F71001A8943 /* Images.xcassets in Resources */,
				872118511BB13EBB0088B2B4 /* LaunchScreen.storyboard in Resources */,
				87F050AA1BB8DCD0003976B6 /* MJRefresh.bundle in Resources */,
				872118451BB0F4210088B2B4 /* Main.storyboard in Resources */,
			);
			runOnlyForDeploymentPostprocessing = 0;
		};
		6EC945E71B968F71001A8943 /* Resources */ = {
			isa = PBXResourcesBuildPhase;
			buildActionMask = 2147483647;
			files = (
			);
			runOnlyForDeploymentPostprocessing = 0;
		};
/* End PBXResourcesBuildPhase section */

/* Begin PBXShellScriptBuildPhase section */
		2D580138F4F8E296A38DF1E1 /* Check Pods Manifest.lock */ = {
			isa = PBXShellScriptBuildPhase;
			buildActionMask = 2147483647;
			files = (
			);
			inputPaths = (
			);
			name = "Check Pods Manifest.lock";
			outputPaths = (
			);
			runOnlyForDeploymentPostprocessing = 0;
			shellPath = /bin/sh;
			shellScript = "diff \"${PODS_ROOT}/../Podfile.lock\" \"${PODS_ROOT}/Manifest.lock\" > /dev/null\nif [[ $? != 0 ]] ; then\n    cat << EOM\nerror: The sandbox is not in sync with the Podfile.lock. Run 'pod install' or update your CocoaPods installation.\nEOM\n    exit 1\nfi\n";
			showEnvVarsInLog = 0;
		};
		A307F35E75CDCE1754A9F10A /* Copy Pods Resources */ = {
			isa = PBXShellScriptBuildPhase;
			buildActionMask = 2147483647;
			files = (
			);
			inputPaths = (
			);
			name = "Copy Pods Resources";
			outputPaths = (
			);
			runOnlyForDeploymentPostprocessing = 0;
			shellPath = /bin/sh;
			shellScript = "\"${SRCROOT}/Pods/Target Support Files/Pods/Pods-resources.sh\"\n";
			showEnvVarsInLog = 0;
		};
		D035C39BAAAC30738053D988 /* Embed Pods Frameworks */ = {
			isa = PBXShellScriptBuildPhase;
			buildActionMask = 2147483647;
			files = (
			);
			inputPaths = (
			);
			name = "Embed Pods Frameworks";
			outputPaths = (
			);
			runOnlyForDeploymentPostprocessing = 0;
			shellPath = /bin/sh;
			shellScript = "\"${SRCROOT}/Pods/Target Support Files/Pods/Pods-frameworks.sh\"\n";
			showEnvVarsInLog = 0;
		};
/* End PBXShellScriptBuildPhase section */

/* Begin PBXSourcesBuildPhase section */
		6EC945D01B968F71001A8943 /* Sources */ = {
			isa = PBXSourcesBuildPhase;
			buildActionMask = 2147483647;
			files = (
				8721184F1BB102E80088B2B4 /* SignUpViewController.swift in Sources */,
				87B2FD0C1BBA7A180078679E /* LaunchViewController.swift in Sources */,
				87F050A91BB8DCD0003976B6 /* MJRefreshStateHeader.m in Sources */,
				8721184D1BB102E80088B2B4 /* LoginViewController.swift in Sources */,
				87F050AE1BB8DCD0003976B6 /* UIView+MJExtension.m in Sources */,
				6EC945FF1B9691C7001A8943 /* Message.swift in Sources */,
				8721184B1BB102E80088B2B4 /* Extension&util.swift in Sources */,
				87F050AD1BB8DCD0003976B6 /* UIScrollView+MJRefresh.m in Sources */,
				8721184C1BB102E80088B2B4 /* HomeViewController.swift in Sources */,
				87F050A51BB8DCD0003976B6 /* MJRefreshBackNormalFooter.m in Sources */,
				6EC946001B9691C7001A8943 /* MessageBubbleTableViewCell.swift in Sources */,
				87F050A81BB8DCD0003976B6 /* MJRefreshNormalHeader.m in Sources */,
				87F050A21BB8DCD0003976B6 /* MJRefreshAutoNormalFooter.m in Sources */,
				87F31E2B1BBAE82B001FDE6E /* SHTextField.swift in Sources */,
				87F0509D1BB8DCD0003976B6 /* MJRefreshBackFooter.m in Sources */,
				87F050A31BB8DCD0003976B6 /* MJRefreshAutoStateFooter.m in Sources */,
				87F050A71BB8DCD0003976B6 /* MJRefreshGifHeader.m in Sources */,
				87F050A11BB8DCD0003976B6 /* MJRefreshAutoGifFooter.m in Sources */,
				87F050AC1BB8DCD0003976B6 /* UIScrollView+MJExtension.m in Sources */,
				6EC945DA1B968F71001A8943 /* AppDelegate.swift in Sources */,
				87F050A41BB8DCD0003976B6 /* MJRefreshBackGifFooter.m in Sources */,
				87F0509E1BB8DCD0003976B6 /* MJRefreshComponent.m in Sources */,
				8721184E1BB102E80088B2B4 /* ResetPasswordViewController.swift in Sources */,
				8758F2DE1BC8AFB30067FE1D /* MutiMessageTableViewCell.swift in Sources */,
				87F050A01BB8DCD0003976B6 /* MJRefreshHeader.m in Sources */,
				6EC946021B9691C7001A8943 /* ChatViewController.swift in Sources */,
				87DFA6741BB446BE00DF4346 /* FadeInTransitionAnimator.swift in Sources */,
				87F0509C1BB8DCD0003976B6 /* MJRefreshAutoFooter.m in Sources */,
				87340D341BBA6B9B00878B39 /* UITabelViewLoadAnimation.swift in Sources */,
				87F0509F1BB8DCD0003976B6 /* MJRefreshFooter.m in Sources */,
				87F050A61BB8DCD0003976B6 /* MJRefreshBackStateFooter.m in Sources */,
				87F050AB1BB8DCD0003976B6 /* MJRefreshConst.m in Sources */,
				87FB7E971BC69013003B07CE /* TRChatRequestManager.swift in Sources */,
			);
			runOnlyForDeploymentPostprocessing = 0;
		};
		6EC945E51B968F71001A8943 /* Sources */ = {
			isa = PBXSourcesBuildPhase;
			buildActionMask = 2147483647;
			files = (
				6EC945F01B968F71001A8943 /* TuringChatMachineTests.swift in Sources */,
			);
			runOnlyForDeploymentPostprocessing = 0;
		};
/* End PBXSourcesBuildPhase section */

/* Begin PBXTargetDependency section */
		6EC945EB1B968F71001A8943 /* PBXTargetDependency */ = {
			isa = PBXTargetDependency;
			target = 6EC945D31B968F71001A8943 /* TuringChatMachine */;
			targetProxy = 6EC945EA1B968F71001A8943 /* PBXContainerItemProxy */;
		};
/* End PBXTargetDependency section */

/* Begin XCBuildConfiguration section */
		6EC945F11B968F71001A8943 /* Debug */ = {
			isa = XCBuildConfiguration;
			buildSettings = {
				ALWAYS_SEARCH_USER_PATHS = NO;
				CLANG_CXX_LANGUAGE_STANDARD = "gnu++0x";
				CLANG_CXX_LIBRARY = "libc++";
				CLANG_ENABLE_MODULES = YES;
				CLANG_ENABLE_OBJC_ARC = YES;
				CLANG_WARN_BOOL_CONVERSION = YES;
				CLANG_WARN_CONSTANT_CONVERSION = YES;
				CLANG_WARN_DIRECT_OBJC_ISA_USAGE = YES_ERROR;
				CLANG_WARN_EMPTY_BODY = YES;
				CLANG_WARN_ENUM_CONVERSION = YES;
				CLANG_WARN_INT_CONVERSION = YES;
				CLANG_WARN_OBJC_ROOT_CLASS = YES_ERROR;
				CLANG_WARN_UNREACHABLE_CODE = YES;
				CLANG_WARN__DUPLICATE_METHOD_MATCH = YES;
				"CODE_SIGN_IDENTITY[sdk=iphoneos*]" = "iPhone Developer";
				COPY_PHASE_STRIP = NO;
				DEBUG_INFORMATION_FORMAT = "dwarf-with-dsym";
				ENABLE_STRICT_OBJC_MSGSEND = YES;
				ENABLE_TESTABILITY = YES;
				GCC_C_LANGUAGE_STANDARD = gnu99;
				GCC_DYNAMIC_NO_PIC = NO;
				GCC_NO_COMMON_BLOCKS = YES;
				GCC_OPTIMIZATION_LEVEL = 0;
				GCC_PREPROCESSOR_DEFINITIONS = (
					"DEBUG=1",
					"$(inherited)",
				);
				GCC_SYMBOLS_PRIVATE_EXTERN = NO;
				GCC_WARN_64_TO_32_BIT_CONVERSION = YES;
				GCC_WARN_ABOUT_RETURN_TYPE = YES_ERROR;
				GCC_WARN_UNDECLARED_SELECTOR = YES;
				GCC_WARN_UNINITIALIZED_AUTOS = YES_AGGRESSIVE;
				GCC_WARN_UNUSED_FUNCTION = YES;
				GCC_WARN_UNUSED_VARIABLE = YES;
				IPHONEOS_DEPLOYMENT_TARGET = 9.0;
				MTL_ENABLE_DEBUG_INFO = YES;
				ONLY_ACTIVE_ARCH = YES;
				SDKROOT = iphoneos;
				SWIFT_OPTIMIZATION_LEVEL = "-Onone";
			};
			name = Debug;
		};
		6EC945F21B968F71001A8943 /* Release */ = {
			isa = XCBuildConfiguration;
			buildSettings = {
				ALWAYS_SEARCH_USER_PATHS = NO;
				CLANG_CXX_LANGUAGE_STANDARD = "gnu++0x";
				CLANG_CXX_LIBRARY = "libc++";
				CLANG_ENABLE_MODULES = YES;
				CLANG_ENABLE_OBJC_ARC = YES;
				CLANG_WARN_BOOL_CONVERSION = YES;
				CLANG_WARN_CONSTANT_CONVERSION = YES;
				CLANG_WARN_DIRECT_OBJC_ISA_USAGE = YES_ERROR;
				CLANG_WARN_EMPTY_BODY = YES;
				CLANG_WARN_ENUM_CONVERSION = YES;
				CLANG_WARN_INT_CONVERSION = YES;
				CLANG_WARN_OBJC_ROOT_CLASS = YES_ERROR;
				CLANG_WARN_UNREACHABLE_CODE = YES;
				CLANG_WARN__DUPLICATE_METHOD_MATCH = YES;
				"CODE_SIGN_IDENTITY[sdk=iphoneos*]" = "iPhone Developer";
				COPY_PHASE_STRIP = NO;
				DEBUG_INFORMATION_FORMAT = "dwarf-with-dsym";
				ENABLE_NS_ASSERTIONS = NO;
				ENABLE_STRICT_OBJC_MSGSEND = YES;
				GCC_C_LANGUAGE_STANDARD = gnu99;
				GCC_NO_COMMON_BLOCKS = YES;
				GCC_WARN_64_TO_32_BIT_CONVERSION = YES;
				GCC_WARN_ABOUT_RETURN_TYPE = YES_ERROR;
				GCC_WARN_UNDECLARED_SELECTOR = YES;
				GCC_WARN_UNINITIALIZED_AUTOS = YES_AGGRESSIVE;
				GCC_WARN_UNUSED_FUNCTION = YES;
				GCC_WARN_UNUSED_VARIABLE = YES;
				IPHONEOS_DEPLOYMENT_TARGET = 9.0;
				MTL_ENABLE_DEBUG_INFO = NO;
				SDKROOT = iphoneos;
				VALIDATE_PRODUCT = YES;
			};
			name = Release;
		};
		6EC945F41B968F71001A8943 /* Debug */ = {
			isa = XCBuildConfiguration;
			baseConfigurationReference = 735D6E07674705CBE9DA6651 /* Pods.debug.xcconfig */;
			buildSettings = {
				ASSETCATALOG_COMPILER_APPICON_NAME = AppIcon;
				CLANG_ENABLE_MODULES = YES;
				CODE_SIGN_ENTITLEMENTS = TuringChatMachine/TuringChatMachine.entitlements;
				CODE_SIGN_IDENTITY = "iPhone Developer";
				"CODE_SIGN_IDENTITY[sdk=iphoneos*]" = "iPhone Developer";
				ENABLE_BITCODE = NO;
				INFOPLIST_FILE = TuringChatMachine/Info.plist;
				IPHONEOS_DEPLOYMENT_TARGET = 9.0;
				LD_RUNPATH_SEARCH_PATHS = "$(inherited) @executable_path/Frameworks";
				PRODUCT_BUNDLE_IDENTIFIER = "com.codeGlider.$(PRODUCT_NAME:rfc1034identifier)";
				PRODUCT_NAME = "$(TARGET_NAME)";
				PROVISIONING_PROFILE = "";
				SWIFT_OBJC_BRIDGING_HEADER = "MJRefresh-Bridge-Header.h";
				SWIFT_OPTIMIZATION_LEVEL = "-Onone";
			};
			name = Debug;
		};
		6EC945F51B968F71001A8943 /* Release */ = {
			isa = XCBuildConfiguration;
			baseConfigurationReference = 1A965B8ABB7841234BB572FA /* Pods.release.xcconfig */;
			buildSettings = {
				ASSETCATALOG_COMPILER_APPICON_NAME = AppIcon;
				CLANG_ENABLE_MODULES = YES;
				CODE_SIGN_ENTITLEMENTS = TuringChatMachine/TuringChatMachine.entitlements;
				CODE_SIGN_IDENTITY = "iPhone Developer";
				"CODE_SIGN_IDENTITY[sdk=iphoneos*]" = "iPhone Developer";
				ENABLE_BITCODE = NO;
				INFOPLIST_FILE = TuringChatMachine/Info.plist;
				IPHONEOS_DEPLOYMENT_TARGET = 9.0;
				LD_RUNPATH_SEARCH_PATHS = "$(inherited) @executable_path/Frameworks";
				PRODUCT_BUNDLE_IDENTIFIER = "com.codeGlider.$(PRODUCT_NAME:rfc1034identifier)";
				PRODUCT_NAME = "$(TARGET_NAME)";
				PROVISIONING_PROFILE = "";
				SWIFT_OBJC_BRIDGING_HEADER = "MJRefresh-Bridge-Header.h";
			};
			name = Release;
		};
		6EC945F71B968F71001A8943 /* Debug */ = {
			isa = XCBuildConfiguration;
			buildSettings = {
				BUNDLE_LOADER = "$(TEST_HOST)";
				FRAMEWORK_SEARCH_PATHS = (
					"$(SDKROOT)/Developer/Library/Frameworks",
					"$(inherited)",
				);
				GCC_PREPROCESSOR_DEFINITIONS = (
					"DEBUG=1",
					"$(inherited)",
				);
				INFOPLIST_FILE = TuringChatMachineTests/Info.plist;
				LD_RUNPATH_SEARCH_PATHS = "$(inherited) @executable_path/Frameworks @loader_path/Frameworks";
				PRODUCT_BUNDLE_IDENTIFIER = "com.$(PRODUCT_NAME:rfc1034identifier)";
				PRODUCT_NAME = "$(TARGET_NAME)";
				TEST_HOST = "$(BUILT_PRODUCTS_DIR)/TuringChatMachine.app/TuringChatMachine";
			};
			name = Debug;
		};
		6EC945F81B968F71001A8943 /* Release */ = {
			isa = XCBuildConfiguration;
			buildSettings = {
				BUNDLE_LOADER = "$(TEST_HOST)";
				FRAMEWORK_SEARCH_PATHS = (
					"$(SDKROOT)/Developer/Library/Frameworks",
					"$(inherited)",
				);
				INFOPLIST_FILE = TuringChatMachineTests/Info.plist;
				LD_RUNPATH_SEARCH_PATHS = "$(inherited) @executable_path/Frameworks @loader_path/Frameworks";
				PRODUCT_BUNDLE_IDENTIFIER = "com.$(PRODUCT_NAME:rfc1034identifier)";
				PRODUCT_NAME = "$(TARGET_NAME)";
				TEST_HOST = "$(BUILT_PRODUCTS_DIR)/TuringChatMachine.app/TuringChatMachine";
			};
			name = Release;
		};
/* End XCBuildConfiguration section */

/* Begin XCConfigurationList section */
		6EC945CF1B968F71001A8943 /* Build configuration list for PBXProject "TuringChatMachine" */ = {
			isa = XCConfigurationList;
			buildConfigurations = (
				6EC945F11B968F71001A8943 /* Debug */,
				6EC945F21B968F71001A8943 /* Release */,
			);
			defaultConfigurationIsVisible = 0;
			defaultConfigurationName = Release;
		};
		6EC945F31B968F71001A8943 /* Build configuration list for PBXNativeTarget "TuringChatMachine" */ = {
			isa = XCConfigurationList;
			buildConfigurations = (
				6EC945F41B968F71001A8943 /* Debug */,
				6EC945F51B968F71001A8943 /* Release */,
			);
			defaultConfigurationIsVisible = 0;
			defaultConfigurationName = Release;
		};
		6EC945F61B968F71001A8943 /* Build configuration list for PBXNativeTarget "TuringChatMachineTests" */ = {
			isa = XCConfigurationList;
			buildConfigurations = (
				6EC945F71B968F71001A8943 /* Debug */,
				6EC945F81B968F71001A8943 /* Release */,
			);
			defaultConfigurationIsVisible = 0;
			defaultConfigurationName = Release;
		};
/* End XCConfigurationList section */
	};
	rootObject = 6EC945CC1B968F71001A8943 /* Project object */;
}
